
Microsoft Visual Studio Solution File, Format Version 12.00
Project("{FAE04EC0-301F-11D3-BF4B-00C04F79EFBC}") = "Portfolio", "Portfolio\Portfolio.csproj", "{1ECCC648-91DA-49A6-96A7-3AF9E813BD0B}"
EndProject
Project("{FAE04EC0-301F-11D3-BF4B-00C04F79EFBC}") = "Portfolio.Misc", "Portfolio.Misc\Portfolio.Misc.csproj", "{F760CB7E-73B6-412F-9743-494FF557AF32}"
EndProject
Global
	GlobalSection(SolutionConfigurationPlatforms) = preSolution
		Debug|Any CPU = Debug|Any CPU
		Release|Any CPU = Release|Any CPU
	EndGlobalSection
	GlobalSection(ProjectConfigurationPlatforms) = postSolution
		{1ECCC648-91DA-49A6-96A7-3AF9E813BD0B}.Debug|Any CPU.ActiveCfg = Debug|Any CPU
		{1ECCC648-91DA-49A6-96A7-3AF9E813BD0B}.Debug|Any CPU.Build.0 = Debug|Any CPU
		{1ECCC648-91DA-49A6-96A7-3AF9E813BD0B}.Release|Any CPU.ActiveCfg = Release|Any CPU
		{1ECCC648-91DA-49A6-96A7-3AF9E813BD0B}.Release|Any CPU.Build.0 = Release|Any CPU
		{F760CB7E-73B6-412F-9743-494FF557AF32}.Debug|Any CPU.ActiveCfg = Debug|Any CPU
		{F760CB7E-73B6-412F-9743-494FF557AF32}.Debug|Any CPU.Build.0 = Debug|Any CPU
		{F760CB7E-73B6-412F-9743-494FF557AF32}.Release|Any CPU.ActiveCfg = Release|Any CPU
		{F760CB7E-73B6-412F-9743-494FF557AF32}.Release|Any CPU.Build.0 = Release|Any CPU
	EndGlobalSection
EndGlobal
